<?xml version="1.0" encoding="utf-8"?>
<Project ToolsVersion="4.0" xmlns="http://schemas.microsoft.com/developer/msbuild/2003">
  <ItemGroup>
    <Filter Include="Source Files">
      <UniqueIdentifier>{4FC737F1-C7A5-4376-A066-2A32D752A2FF}</UniqueIdentifier>
      <Extensions>cpp;c;cc;cxx;def;odl;idl;hpj;bat;asm;asmx</Extensions>
    </Filter>
    <Filter Include="Header Files">
      <UniqueIdentifier>{93995380-89BD-4b04-88EB-625FBE52EBFB}</UniqueIdentifier>
      <Extensions>h;hh;hpp;hxx;hm;inl;inc;xsd</Extensions>
    </Filter>
    <Filter Include="Resource Files">
      <UniqueIdentifier>{67DA6AB6-F800-4c08-8B7A-83BB121AAD01}</UniqueIdentifier>
      <Extensions>rc;ico;cur;bmp;dlg;rc2;rct;bin;rgs;gif;jpg;jpeg;jpe;resx;tiff;tif;png;wav;mfcribbon-ms</Extensions>
    </Filter>
    <Filter Include="Resource Files\FONTS">
      <UniqueIdentifier>{b5e82806-bf9b-4fdf-b17c-c35282c021a5}</UniqueIdentifier>
    </Filter>
    <Filter Include="Resource Files\IMAGES">
      <UniqueIdentifier>{1d793ccc-0d22-4eea-8d0e-c5b5a5270a40}</UniqueIdentifier>
    </Filter>
    <Filter Include="Resource Files\AUDIO">
      <UniqueIdentifier>{8389fe52-4a9c-4634-a901-3339082136d3}</UniqueIdentifier>
    </Filter>
    <Filter Include="Header Files\Scenes">
      <UniqueIdentifier>{2d4a583a-dc9f-41c1-bd29-b2018b24ca10}</UniqueIdentifier>
    </Filter>
    <Filter Include="Source Files\Scenes">
      <UniqueIdentifier>{a66501b8-85f5-4a97-bab9-1d1287eafc88}</UniqueIdentifier>
    </Filter>
    <Filter Include="Header Files\Components">
      <UniqueIdentifier>{49fb3c3e-f93d-4821-9b65-7deb1b4f02be}</UniqueIdentifier>
    </Filter>
    <Filter Include="Source Files\Components">
      <UniqueIdentifier>{d3f19bdc-a4cf-4f86-a4cd-ed221b23c8f1}</UniqueIdentifier>
    </Filter>
    <Filter Include="Header Files\Terrain">
      <UniqueIdentifier>{5b026dc2-82df-435f-afa1-639226edef04}</UniqueIdentifier>
    </Filter>
    <Filter Include="Source Files\Terrain">
      <UniqueIdentifier>{521b5de4-4a3e-4929-af23-601819f13440}</UniqueIdentifier>
    </Filter>
    <Filter Include="Header Files\Terrain\Generation">
      <UniqueIdentifier>{cb7d6109-1b08-4bd5-a27d-4d357681b0b5}</UniqueIdentifier>
    </Filter>
    <Filter Include="Source Files\Terrain\Generation">
      <UniqueIdentifier>{a253ae37-937e-4365-828c-1bfee8be3132}</UniqueIdentifier>
    </Filter>
    <Filter Include="Header Files\Interfaces">
      <UniqueIdentifier>{ea01f58f-d24b-4592-8c99-64b07418d1b0}</UniqueIdentifier>
    </Filter>
    <Filter Include="Header Files\Components\Modals">
      <UniqueIdentifier>{43de17e5-c421-4dd5-a131-efcf1f81bb5f}</UniqueIdentifier>
    </Filter>
    <Filter Include="Source Files\Components\Modals">
      <UniqueIdentifier>{3c0731ad-3b41-4004-91ee-e058f7ea087a}</UniqueIdentifier>
    </Filter>
    <Filter Include="Header Files\Components\Resources &amp; Items">
      <UniqueIdentifier>{155e2097-5ae6-4994-895c-d5b521f28c95}</UniqueIdentifier>
    </Filter>
    <Filter Include="Source Files\Components\Resources &amp; Items">
      <UniqueIdentifier>{65b94de6-b8d8-4446-b8b0-a0db4a25578f}</UniqueIdentifier>
    </Filter>
    <Filter Include="Header Files\Components\Machinery &amp; Automation">
      <UniqueIdentifier>{2878bafd-614d-4079-a97f-64954205fb02}</UniqueIdentifier>
    </Filter>
    <Filter Include="Source Files\Components\Machinery &amp; Automation">
      <UniqueIdentifier>{cb7e6b49-d623-4e9f-9b32-3e64604f4f4e}</UniqueIdentifier>
    </Filter>
  </ItemGroup>
  <ItemGroup>
    <ClCompile Include="main.cpp">
      <Filter>Source Files</Filter>
    </ClCompile>
    <ClCompile Include="Game.cpp">
      <Filter>Source Files</Filter>
    </ClCompile>
    <ClCompile Include="Gameplay.cpp">
      <Filter>Source Files\Scenes</Filter>
    </ClCompile>
    <ClCompile Include="SceneManager.cpp">
      <Filter>Source Files\Scenes</Filter>
    </ClCompile>
    <ClCompile Include="MainMenu.cpp">
      <Filter>Source Files\Scenes</Filter>
    </ClCompile>
    <ClCompile Include="Settings.cpp">
      <Filter>Source Files</Filter>
    </ClCompile>
    <ClCompile Include="Button.cpp">
      <Filter>Source Files\Components</Filter>
    </ClCompile>
    <ClCompile Include="TileMap.cpp">
      <Filter>Source Files\Terrain</Filter>
    </ClCompile>
    <ClCompile Include="Player.cpp">
      <Filter>Source Files</Filter>
    </ClCompile>
    <ClCompile Include="HashNoiseGenerator.cpp">
      <Filter>Source Files\Terrain\Generation</Filter>
    </ClCompile>
    <ClCompile Include="WorldGenerator.cpp">
      <Filter>Source Files\Terrain\Generation</Filter>
    </ClCompile>
    <ClCompile Include="LoadingScreen.cpp">
      <Filter>Source Files\Components\Modals</Filter>
    </ClCompile>
    <ClCompile Include="PerlinNoiseGenerator.cpp">
      <Filter>Source Files\Terrain\Generation</Filter>
    </ClCompile>
    <ClCompile Include="ChunkManager.cpp">
      <Filter>Source Files\Terrain\Generation</Filter>
    </ClCompile>
    <ClCompile Include="Chunk.cpp">
      <Filter>Source Files\Terrain</Filter>
    </ClCompile>
    <ClCompile Include="Items.cpp">
      <Filter>Source Files\Components\Resources &amp; Items</Filter>
    </ClCompile>
    <ClCompile Include="ResourceRegistry.cpp">
      <Filter>Source Files\Components\Resources &amp; Items</Filter>
    </ClCompile>
    <ClCompile Include="Inventory.cpp">
      <Filter>Source Files\Components\Resources &amp; Items</Filter>
    </ClCompile>
    <ClCompile Include="MachineRegistry.cpp">
      <Filter>Source Files\Components\Machinery &amp; Automation</Filter>
    </ClCompile>
    <ClCompile Include="MachineComponent.cpp">
      <Filter>Source Files\Components\Machinery &amp; Automation</Filter>
    </ClCompile>
    <ClCompile Include="MachineSystem.cpp">
      <Filter>Source Files\Components\Machinery &amp; Automation</Filter>
    </ClCompile>
    <ClCompile Include="TileAccessor.cpp">
      <Filter>Source Files\Terrain</Filter>
    </ClCompile>
    <ClCompile Include="PlacementController.cpp">
      <Filter>Source Files\Components\Machinery &amp; Automation</Filter>
    </ClCompile>
  </ItemGroup>
  <ItemGroup>
    <ClInclude Include="Game.h">
      <Filter>Header Files</Filter>
    </ClInclude>
    <ClInclude Include="SceneManager.h">
      <Filter>Header Files\Scenes</Filter>
    </ClInclude>
    <ClInclude Include="Gameplay.h">
      <Filter>Header Files\Scenes</Filter>
    </ClInclude>
    <ClInclude Include="MainMenu.h">
      <Filter>Header Files\Scenes</Filter>
    </ClInclude>
    <ClInclude Include="Globals.h">
      <Filter>Header Files</Filter>
    </ClInclude>
    <ClInclude Include="Scene.h">
      <Filter>Header Files\Scenes</Filter>
    </ClInclude>
    <ClInclude Include="Settings.h">
      <Filter>Header Files</Filter>
    </ClInclude>
    <ClInclude Include="Button.h">
      <Filter>Header Files\Components</Filter>
    </ClInclude>
    <ClInclude Include="Tile.h">
      <Filter>Header Files\Terrain</Filter>
    </ClInclude>
    <ClInclude Include="TileMap.h">
      <Filter>Header Files\Terrain</Filter>
    </ClInclude>
    <ClInclude Include="Player.h">
      <Filter>Header Files</Filter>
    </ClInclude>
    <ClInclude Include="INoiseGenerator.h">
      <Filter>Header Files\Interfaces</Filter>
    </ClInclude>
    <ClInclude Include="HashNoiseGenerator.h">
      <Filter>Header Files\Terrain\Generation</Filter>
    </ClInclude>
    <ClInclude Include="WorldGenerator.h">
      <Filter>Header Files\Terrain\Generation</Filter>
    </ClInclude>
    <ClInclude Include="LoadingScreen.h">
      <Filter>Header Files\Components\Modals</Filter>
    </ClInclude>
    <ClInclude Include="PerlinNoiseGenerator.h">
      <Filter>Header Files\Terrain\Generation</Filter>
    </ClInclude>
    <ClInclude Include="Chunk.h">
      <Filter>Header Files\Terrain</Filter>
    </ClInclude>
    <ClInclude Include="ChunkManager.h">
      <Filter>Header Files\Terrain\Generation</Filter>
    </ClInclude>
    <ClInclude Include="Items.h">
      <Filter>Header Files\Components\Resources &amp; Items</Filter>
    </ClInclude>
    <ClInclude Include="ResourceRegistry.h">
      <Filter>Header Files\Components\Resources &amp; Items</Filter>
    </ClInclude>
    <ClInclude Include="ResourceDefinition.h">
      <Filter>Header Files\Components\Resources &amp; Items</Filter>
    </ClInclude>
    <ClInclude Include="Inventory.h">
      <Filter>Header Files\Components\Resources &amp; Items</Filter>
    </ClInclude>
    <ClInclude Include="MachineDefinition.h">
      <Filter>Header Files\Components\Machinery &amp; Automation</Filter>
    </ClInclude>
    <ClInclude Include="MachineRegistry.h">
      <Filter>Header Files\Components\Machinery &amp; Automation</Filter>
    </ClInclude>
    <ClInclude Include="MachineComponent.h">
      <Filter>Header Files\Components\Machinery &amp; Automation</Filter>
    </ClInclude>
    <ClInclude Include="MachineSystem.h">
      <Filter>Header Files\Components\Machinery &amp; Automation</Filter>
    </ClInclude>
    <ClInclude Include="PlacementController.h">
      <Filter>Header Files\Components\Machinery &amp; Automation</Filter>
    </ClInclude>
    <ClInclude Include="TileAccessor.h">
      <Filter>Header Files\Terrain</Filter>
    </ClInclude>
  </ItemGroup>
  <ItemGroup>
    <Image Include="ASSETS\IMAGES\SFML-LOGO.png">
      <Filter>Resource Files\IMAGES</Filter>
    </Image>
  </ItemGroup>
  <ItemGroup>
    <Font Include="ASSETS\FONTS\Jersey20-Regular.ttf">
      <Filter>Resource Files\FONTS</Filter>
    </Font>
  </ItemGroup>
  <ItemGroup>
    <Media Include="ASSETS\AUDIO\beep.wav">
      <Filter>Resource Files\AUDIO</Filter>
    </Media>
  </ItemGroup>
</Project>